
Microsoft Visual Studio Solution File, Format Version 12.00
# Visual Studio Version 17
VisualStudioVersion = 17.14.36401.2
MinimumVisualStudioVersion = 10.0.40219.1
Project("{FAE04EC0-301F-11D3-BF4B-00C04F79EFBC}") = "Hospital.UI", "Hospital.UI.csproj", "{8F0D84D9-696E-4E77-8B3E-8DE0E66E8C48}"
EndProject
Project("{FAE04EC0-301F-11D3-BF4B-00C04F79EFBC}") = "Hospital.Lib", "..\Hospital.Lib\Hospital.Lib.csproj", "{ED0A5480-BB23-4076-8112-0F3034880AEC}"
EndProject
Project("{FAE04EC0-301F-11D3-BF4B-00C04F79EFBC}") = "Hospital.Data", "..\Hospital.Dat\Hospital.Data.csproj", "{D1F21048-B977-4173-8782-DC0F47039648}"
EndProject
Global
	GlobalSection(SolutionConfigurationPlatforms) = preSolution
		Debug|Any CPU = Debug|Any CPU
		Release|Any CPU = Release|Any CPU
	EndGlobalSection
	GlobalSection(ProjectConfigurationPlatforms) = postSolution
		{8F0D84D9-696E-4E77-8B3E-8DE0E66E8C48}.Debug|Any CPU.ActiveCfg = Debug|Any CPU
		{8F0D84D9-696E-4E77-8B3E-8DE0E66E8C48}.Debug|Any CPU.Build.0 = Debug|Any CPU
		{8F0D84D9-696E-4E77-8B3E-8DE0E66E8C48}.Release|Any CPU.ActiveCfg = Release|Any CPU
		{8F0D84D9-696E-4E77-8B3E-8DE0E66E8C48}.Release|Any CPU.Build.0 = Release|Any CPU
		{ED0A5480-BB23-4076-8112-0F3034880AEC}.Debug|Any CPU.ActiveCfg = Debug|Any CPU
		{ED0A5480-BB23-4076-8112-0F3034880AEC}.Debug|Any CPU.Build.0 = Debug|Any CPU
		{ED0A5480-BB23-4076-8112-0F3034880AEC}.Release|Any CPU.ActiveCfg = Release|Any CPU
		{ED0A5480-BB23-4076-8112-0F3034880AEC}.Release|Any CPU.Build.0 = Release|Any CPU
		{D1F21048-B977-4173-8782-DC0F47039648}.Debug|Any CPU.ActiveCfg = Debug|Any CPU
		{D1F21048-B977-4173-8782-DC0F47039648}.Debug|Any CPU.Build.0 = Debug|Any CPU
		{D1F21048-B977-4173-8782-DC0F47039648}.Release|Any CPU.ActiveCfg = Release|Any CPU
		{D1F21048-B977-4173-8782-DC0F47039648}.Release|Any CPU.Build.0 = Release|Any CPU
	EndGlobalSection
	GlobalSection(SolutionProperties) = preSolution
		HideSolutionNode = FALSE
	EndGlobalSection
	GlobalSection(ExtensibilityGlobals) = postSolution
		SolutionGuid = {1BA100B2-1C12-4FE5-A50B-AECDEDC8FC0D}
	EndGlobalSection
EndGlobal
